
Microsoft Visual Studio Solution File, Format Version 12.00
# Visual Studio 15
Project("{FAE04EC0-301F-11D3-BF4B-00C04F79EFBC}") = "Assembly-CSharp", "Assembly-CSharp.csproj", "{B9C94FDE-56CB-71A8-A6C2-E3AC00E7F129}"
EndProject
Global
	GlobalSection(SolutionConfigurationPlatforms) = preSolution
		Debug|Any CPU = Debug|Any CPU
		Release|Any CPU = Release|Any CPU
	EndGlobalSection
	GlobalSection(ProjectConfigurationPlatforms) = postSolution
		{B9C94FDE-56CB-71A8-A6C2-E3AC00E7F129}.Debug|Any CPU.ActiveCfg = Debug|Any CPU
		{B9C94FDE-56CB-71A8-A6C2-E3AC00E7F129}.Debug|Any CPU.Build.0 = Debug|Any CPU
		{B9C94FDE-56CB-71A8-A6C2-E3AC00E7F129}.Release|Any CPU.ActiveCfg = Release|Any CPU
		{B9C94FDE-56CB-71A8-A6C2-E3AC00E7F129}.Release|Any CPU.Build.0 = Release|Any CPU
	EndGlobalSection
	GlobalSection(SolutionProperties) = preSolution
		HideSolutionNode = FALSE
	EndGlobalSection
EndGlobal
